
Microsoft Visual Studio Solution File, Format Version 12.00
# Visual Studio Version 17
VisualStudioVersion = 17.8.34330.188
MinimumVisualStudioVersion = 10.0.40219.1
Project("{9A19103F-16F7-4668-BE54-9A1E7A4F7556}") = "Project.Entities", "Project.Entities\Project.Entities.csproj", "{5FFE5022-AE8D-4C84-A7FD-272653C0E596}"
EndProject
Project("{9A19103F-16F7-4668-BE54-9A1E7A4F7556}") = "Project.DataAccess", "Project.DataAccess\Project.DataAccess.csproj", "{5CFB5E65-1FEC-4383-BC37-BDF72E1B3952}"
EndProject
Project("{9A19103F-16F7-4668-BE54-9A1E7A4F7556}") = "Project.Business", "Project.Business\Project.Business.csproj", "{3D1EF12F-479E-425F-ACEB-033D92E57B39}"
EndProject
Project("{9A19103F-16F7-4668-BE54-9A1E7A4F7556}") = "Project.Security", "Project.Security\Project.Security.csproj", "{AB1251A4-2865-44E5-96C4-CFC1888477CD}"
EndProject
Project("{9A19103F-16F7-4668-BE54-9A1E7A4F7556}") = "Project.Common", "Common\Project.Common.csproj", "{1C0FBA02-A1C0-4395-8C8E-F6ECA1B4D9AC}"
EndProject
Project("{9A19103F-16F7-4668-BE54-9A1E7A4F7556}") = "Project.WebAPI", "Web API\Project.WebAPI.csproj", "{A3A7C660-7B93-4157-AF83-20E8F7AA8E54}"
EndProject
Project("{9A19103F-16F7-4668-BE54-9A1E7A4F7556}") = "Project.DTO", "Project.DTO\Project.DTO.csproj", "{E448210E-BE27-4CEB-A1E8-403FCF8783C6}"
EndProject
Global
	GlobalSection(SolutionConfigurationPlatforms) = preSolution
		Debug|Any CPU = Debug|Any CPU
		Release|Any CPU = Release|Any CPU
	EndGlobalSection
	GlobalSection(ProjectConfigurationPlatforms) = postSolution
		{5FFE5022-AE8D-4C84-A7FD-272653C0E596}.Debug|Any CPU.ActiveCfg = Debug|Any CPU
		{5FFE5022-AE8D-4C84-A7FD-272653C0E596}.Debug|Any CPU.Build.0 = Debug|Any CPU
		{5FFE5022-AE8D-4C84-A7FD-272653C0E596}.Release|Any CPU.ActiveCfg = Release|Any CPU
		{5FFE5022-AE8D-4C84-A7FD-272653C0E596}.Release|Any CPU.Build.0 = Release|Any CPU
		{5CFB5E65-1FEC-4383-BC37-BDF72E1B3952}.Debug|Any CPU.ActiveCfg = Debug|Any CPU
		{5CFB5E65-1FEC-4383-BC37-BDF72E1B3952}.Debug|Any CPU.Build.0 = Debug|Any CPU
		{5CFB5E65-1FEC-4383-BC37-BDF72E1B3952}.Release|Any CPU.ActiveCfg = Release|Any CPU
		{5CFB5E65-1FEC-4383-BC37-BDF72E1B3952}.Release|Any CPU.Build.0 = Release|Any CPU
		{3D1EF12F-479E-425F-ACEB-033D92E57B39}.Debug|Any CPU.ActiveCfg = Debug|Any CPU
		{3D1EF12F-479E-425F-ACEB-033D92E57B39}.Debug|Any CPU.Build.0 = Debug|Any CPU
		{3D1EF12F-479E-425F-ACEB-033D92E57B39}.Release|Any CPU.ActiveCfg = Release|Any CPU
		{3D1EF12F-479E-425F-ACEB-033D92E57B39}.Release|Any CPU.Build.0 = Release|Any CPU
		{AB1251A4-2865-44E5-96C4-CFC1888477CD}.Debug|Any CPU.ActiveCfg = Debug|Any CPU
		{AB1251A4-2865-44E5-96C4-CFC1888477CD}.Debug|Any CPU.Build.0 = Debug|Any CPU
		{AB1251A4-2865-44E5-96C4-CFC1888477CD}.Release|Any CPU.ActiveCfg = Release|Any CPU
		{AB1251A4-2865-44E5-96C4-CFC1888477CD}.Release|Any CPU.Build.0 = Release|Any CPU
		{1C0FBA02-A1C0-4395-8C8E-F6ECA1B4D9AC}.Debug|Any CPU.ActiveCfg = Debug|Any CPU
		{1C0FBA02-A1C0-4395-8C8E-F6ECA1B4D9AC}.Debug|Any CPU.Build.0 = Debug|Any CPU
		{1C0FBA02-A1C0-4395-8C8E-F6ECA1B4D9AC}.Release|Any CPU.ActiveCfg = Release|Any CPU
		{1C0FBA02-A1C0-4395-8C8E-F6ECA1B4D9AC}.Release|Any CPU.Build.0 = Release|Any CPU
		{A3A7C660-7B93-4157-AF83-20E8F7AA8E54}.Debug|Any CPU.ActiveCfg = Debug|Any CPU
		{A3A7C660-7B93-4157-AF83-20E8F7AA8E54}.Debug|Any CPU.Build.0 = Debug|Any CPU
		{A3A7C660-7B93-4157-AF83-20E8F7AA8E54}.Release|Any CPU.ActiveCfg = Release|Any CPU
		{A3A7C660-7B93-4157-AF83-20E8F7AA8E54}.Release|Any CPU.Build.0 = Release|Any CPU
		{E448210E-BE27-4CEB-A1E8-403FCF8783C6}.Debug|Any CPU.ActiveCfg = Debug|Any CPU
		{E448210E-BE27-4CEB-A1E8-403FCF8783C6}.Debug|Any CPU.Build.0 = Debug|Any CPU
		{E448210E-BE27-4CEB-A1E8-403FCF8783C6}.Release|Any CPU.ActiveCfg = Release|Any CPU
		{E448210E-BE27-4CEB-A1E8-403FCF8783C6}.Release|Any CPU.Build.0 = Release|Any CPU
	EndGlobalSection
	GlobalSection(SolutionProperties) = preSolution
		HideSolutionNode = FALSE
	EndGlobalSection
	GlobalSection(ExtensibilityGlobals) = postSolution
		SolutionGuid = {85211099-16C6-47FB-9E71-2C065320CBC3}
	EndGlobalSection
EndGlobal
